
Microsoft Visual Studio Solution File, Format Version 12.00
# Visual Studio Version 17
VisualStudioVersion = 17.7.34018.315
MinimumVisualStudioVersion = 10.0.40219.1
Project("{FAE04EC0-301F-11D3-BF4B-00C04F79EFBC}") = "Anmeldelser", "Anmeldelser\Anmeldelser.csproj", "{7117C1C9-FB47-4ED7-91A9-B0056660053A}"
EndProject
Global
	GlobalSection(SolutionConfigurationPlatforms) = preSolution
		Debug|Any CPU = Debug|Any CPU
		Release|Any CPU = Release|Any CPU
	EndGlobalSection
	GlobalSection(ProjectConfigurationPlatforms) = postSolution
		{7117C1C9-FB47-4ED7-91A9-B0056660053A}.Debug|Any CPU.ActiveCfg = Debug|Any CPU
		{7117C1C9-FB47-4ED7-91A9-B0056660053A}.Debug|Any CPU.Build.0 = Debug|Any CPU
		{7117C1C9-FB47-4ED7-91A9-B0056660053A}.Release|Any CPU.ActiveCfg = Release|Any CPU
		{7117C1C9-FB47-4ED7-91A9-B0056660053A}.Release|Any CPU.Build.0 = Release|Any CPU
	EndGlobalSection
	GlobalSection(SolutionProperties) = preSolution
		HideSolutionNode = FALSE
	EndGlobalSection
	GlobalSection(ExtensibilityGlobals) = postSolution
		SolutionGuid = {13551CF8-3ED3-4EF9-89EE-95DF569AA209}
	EndGlobalSection
EndGlobal
